
Microsoft Visual Studio Solution File, Format Version 12.00
# Visual Studio Version 17
VisualStudioVersion = 17.0.31903.59
MinimumVisualStudioVersion = 10.0.40219.1
Project("{2150E333-8FDC-42A3-9474-1A3956D46DE8}") = "src", "src", "{827E0CD3-B72D-47B6-A68D-7590B98EB39B}"
EndProject
Project("{FAE04EC0-301F-11D3-BF4B-00C04F79EFBC}") = "ConAI.Web", "src\ConAI.Web\ConAI.Web.csproj", "{34EC4EB1-82E8-4B85-B710-7EE5C7483202}"
EndProject
Project("{2150E333-8FDC-42A3-9474-1A3956D46DE8}") = "tests", "tests", "{0AB3BF05-4346-4AA6-1389-037BE0695223}"
EndProject
Project("{FAE04EC0-301F-11D3-BF4B-00C04F79EFBC}") = "ConAI.Web.Tests", "tests\ConAI.Web.Tests\ConAI.Web.Tests.csproj", "{4EEDAB83-19EE-4953-B21C-3E83BCF8D491}"
EndProject
Global
	GlobalSection(SolutionConfigurationPlatforms) = preSolution
		Debug|Any CPU = Debug|Any CPU
		Debug|x64 = Debug|x64
		Debug|x86 = Debug|x86
		Release|Any CPU = Release|Any CPU
		Release|x64 = Release|x64
		Release|x86 = Release|x86
	EndGlobalSection
	GlobalSection(ProjectConfigurationPlatforms) = postSolution
		{34EC4EB1-82E8-4B85-B710-7EE5C7483202}.Debug|Any CPU.ActiveCfg = Debug|Any CPU
		{34EC4EB1-82E8-4B85-B710-7EE5C7483202}.Debug|Any CPU.Build.0 = Debug|Any CPU
		{34EC4EB1-82E8-4B85-B710-7EE5C7483202}.Debug|x64.ActiveCfg = Debug|Any CPU
		{34EC4EB1-82E8-4B85-B710-7EE5C7483202}.Debug|x64.Build.0 = Debug|Any CPU
		{34EC4EB1-82E8-4B85-B710-7EE5C7483202}.Debug|x86.ActiveCfg = Debug|Any CPU
		{34EC4EB1-82E8-4B85-B710-7EE5C7483202}.Debug|x86.Build.0 = Debug|Any CPU
		{34EC4EB1-82E8-4B85-B710-7EE5C7483202}.Release|Any CPU.ActiveCfg = Release|Any CPU
		{34EC4EB1-82E8-4B85-B710-7EE5C7483202}.Release|Any CPU.Build.0 = Release|Any CPU
		{34EC4EB1-82E8-4B85-B710-7EE5C7483202}.Release|x64.ActiveCfg = Release|Any CPU
		{34EC4EB1-82E8-4B85-B710-7EE5C7483202}.Release|x64.Build.0 = Release|Any CPU
		{34EC4EB1-82E8-4B85-B710-7EE5C7483202}.Release|x86.ActiveCfg = Release|Any CPU
		{34EC4EB1-82E8-4B85-B710-7EE5C7483202}.Release|x86.Build.0 = Release|Any CPU
		{4EEDAB83-19EE-4953-B21C-3E83BCF8D491}.Debug|Any CPU.ActiveCfg = Debug|Any CPU
		{4EEDAB83-19EE-4953-B21C-3E83BCF8D491}.Debug|Any CPU.Build.0 = Debug|Any CPU
		{4EEDAB83-19EE-4953-B21C-3E83BCF8D491}.Debug|x64.ActiveCfg = Debug|Any CPU
		{4EEDAB83-19EE-4953-B21C-3E83BCF8D491}.Debug|x64.Build.0 = Debug|Any CPU
		{4EEDAB83-19EE-4953-B21C-3E83BCF8D491}.Debug|x86.ActiveCfg = Debug|Any CPU
		{4EEDAB83-19EE-4953-B21C-3E83BCF8D491}.Debug|x86.Build.0 = Debug|Any CPU
		{4EEDAB83-19EE-4953-B21C-3E83BCF8D491}.Release|Any CPU.ActiveCfg = Release|Any CPU
		{4EEDAB83-19EE-4953-B21C-3E83BCF8D491}.Release|Any CPU.Build.0 = Release|Any CPU
		{4EEDAB83-19EE-4953-B21C-3E83BCF8D491}.Release|x64.ActiveCfg = Release|Any CPU
		{4EEDAB83-19EE-4953-B21C-3E83BCF8D491}.Release|x64.Build.0 = Release|Any CPU
		{4EEDAB83-19EE-4953-B21C-3E83BCF8D491}.Release|x86.ActiveCfg = Release|Any CPU
		{4EEDAB83-19EE-4953-B21C-3E83BCF8D491}.Release|x86.Build.0 = Release|Any CPU
	EndGlobalSection
	GlobalSection(SolutionProperties) = preSolution
		HideSolutionNode = FALSE
	EndGlobalSection
	GlobalSection(NestedProjects) = preSolution
		{34EC4EB1-82E8-4B85-B710-7EE5C7483202} = {827E0CD3-B72D-47B6-A68D-7590B98EB39B}
		{4EEDAB83-19EE-4953-B21C-3E83BCF8D491} = {0AB3BF05-4346-4AA6-1389-037BE0695223}
	EndGlobalSection
EndGlobal
